// !$*UTF8*$!
{
	archiveVersion = 1;
	classes = {
	};
	objectVersion = 50;
	objects = {

/* Begin PBXBuildFile section */
		4553BBD624849CA900207D2E /* AppDelegate.swift in Sources */ = {isa = PBXBuildFile; fileRef = 4553BBD524849CA900207D2E /* AppDelegate.swift */; };
		4553BBD824849CA900207D2E /* SceneDelegate.swift in Sources */ = {isa = PBXBuildFile; fileRef = 4553BBD724849CA900207D2E /* SceneDelegate.swift */; };
		4553BBDA24849CA900207D2E /* ContentView.swift in Sources */ = {isa = PBXBuildFile; fileRef = 4553BBD924849CA900207D2E /* ContentView.swift */; };
		4553BBDC24849CAA00207D2E /* Assets.xcassets in Resources */ = {isa = PBXBuildFile; fileRef = 4553BBDB24849CAA00207D2E /* Assets.xcassets */; };
		4553BBDF24849CAA00207D2E /* Preview Assets.xcassets in Resources */ = {isa = PBXBuildFile; fileRef = 4553BBDE24849CAA00207D2E /* Preview Assets.xcassets */; };
		4553BBE224849CAA00207D2E /* LaunchScreen.storyboard in Resources */ = {isa = PBXBuildFile; fileRef = 4553BBE024849CAA00207D2E /* LaunchScreen.storyboard */; };
		4553BBED24849CAA00207D2E /* FirstAppTests.swift in Sources */ = {isa = PBXBuildFile; fileRef = 4553BBEC24849CAA00207D2E /* FirstAppTests.swift */; };
		4553BBF824849CAA00207D2E /* FirstAppUITests.swift in Sources */ = {isa = PBXBuildFile; fileRef = 4553BBF724849CAA00207D2E /* FirstAppUITests.swift */; };
/* End PBXBuildFile section */

/* Begin PBXContainerItemProxy section */
		4553BBE924849CAA00207D2E /* PBXContainerItemProxy */ = {
			isa = PBXContainerItemProxy;
			containerPortal = 4553BBCA24849CA900207D2E /* Project object */;
			proxyType = 1;
			remoteGlobalIDString = 4553BBD124849CA900207D2E;
			remoteInfo = FirstApp;
		};
		4553BBF424849CAA00207D2E /* PBXContainerItemProxy */ = {
			isa = PBXContainerItemProxy;
			containerPortal = 4553BBCA24849CA900207D2E /* Project object */;
			proxyType = 1;
			remoteGlobalIDString = 4553BBD124849CA900207D2E;
			remoteInfo = FirstApp;
		};
/* End PBXContainerItemProxy section */

/* Begin PBXFileReference section */
		4553BBD224849CA900207D2E /* FirstApp.app */ = {isa = PBXFileReference; explicitFileType = wrapper.application; includeInIndex = 0; path = FirstApp.app; sourceTree = BUILT_PRODUCTS_DIR; };
		4553BBD524849CA900207D2E /* AppDelegate.swift */ = {isa = PBXFileReference; lastKnownFileType = sourcecode.swift; path = AppDelegate.swift; sourceTree = "<group>"; };
		4553BBD724849CA900207D2E /* SceneDelegate.swift */ = {isa = PBXFileReference; lastKnownFileType = sourcecode.swift; path = SceneDelegate.swift; sourceTree = "<group>"; };
		4553BBD924849CA900207D2E /* ContentView.swift */ = {isa = PBXFileReference; lastKnownFileType = sourcecode.swift; path = ContentView.swift; sourceTree = "<group>"; };
		4553BBDB24849CAA00207D2E /* Assets.xcassets */ = {isa = PBXFileReference; lastKnownFileType = folder.assetcatalog; path = Assets.xcassets; sourceTree = "<group>"; };
		4553BBDE24849CAA00207D2E /* Preview Assets.xcassets */ = {isa = PBXFileReference; lastKnownFileType = folder.assetcatalog; path = "Preview Assets.xcassets"; sourceTree = "<group>"; };
		4553BBE124849CAA00207D2E /* Base */ = {isa = PBXFileReference; lastKnownFileType = file.storyboard; name = Base; path = Base.lproj/LaunchScreen.storyboard; sourceTree = "<group>"; };
		4553BBE324849CAA00207D2E /* Info.plist */ = {isa = PBXFileReference; lastKnownFileType = text.plist.xml; path = Info.plist; sourceTree = "<group>"; };
		4553BBE824849CAA00207D2E /* FirstAppTests.xctest */ = {isa = PBXFileReference; explicitFileType = wrapper.cfbundle; includeInIndex = 0; path = FirstAppTests.xctest; sourceTree = BUILT_PRODUCTS_DIR; };
		4553BBEC24849CAA00207D2E /* FirstAppTests.swift */ = {isa = PBXFileReference; lastKnownFileType = sourcecode.swift; path = FirstAppTests.swift; sourceTree = "<group>"; };
		4553BBEE24849CAA00207D2E /* Info.plist */ = {isa = PBXFileReference; lastKnownFileType = text.plist.xml; path = Info.plist; sourceTree = "<group>"; };
		4553BBF324849CAA00207D2E /* FirstAppUITests.xctest */ = {isa = PBXFileReference; explicitFileType = wrapper.cfbundle; includeInIndex = 0; path = FirstAppUITests.xctest; sourceTree = BUILT_PRODUCTS_DIR; };
		4553BBF724849CAA00207D2E /* FirstAppUITests.swift */ = {isa = PBXFileReference; lastKnownFileType = sourcecode.swift; path = FirstAppUITests.swift; sourceTree = "<group>"; };
		4553BBF924849CAA00207D2E /* Info.plist */ = {isa = PBXFileReference; lastKnownFileType = text.plist.xml; path = Info.plist; sourceTree = "<group>"; };
/* End PBXFileReference section */

/* Begin PBXFrameworksBuildPhase section */
		4553BBCF24849CA900207D2E /* Frameworks */ = {
			isa = PBXFrameworksBuildPhase;
			buildActionMask = 2147483647;
			files = (
			);
			runOnlyForDeploymentPostprocessing = 0;
		};
		4553BBE524849CAA00207D2E /* Frameworks */ = {
			isa = PBXFrameworksBuildPhase;
			buildActionMask = 2147483647;
			files = (
			);
			runOnlyForDeploymentPostprocessing = 0;
		};
		4553BBF024849CAA00207D2E /* Frameworks */ = {
			isa = PBXFrameworksBuildPhase;
			buildActionMask = 2147483647;
			files = (
			);
			runOnlyForDeploymentPostprocessing = 0;
		};
/* End PBXFrameworksBuildPhase section */

/* Begin PBXGroup section */
		4553BBC924849CA900207D2E = {
			isa = PBXGroup;
			children = (
				4553BBD424849CA900207D2E /* FirstApp */,
				4553BBEB24849CAA00207D2E /* FirstAppTests */,
				4553BBF624849CAA00207D2E /* FirstAppUITests */,
				4553BBD324849CA900207D2E /* Products */,
			);
			sourceTree = "<group>";
		};
		4553BBD324849CA900207D2E /* Products */ = {
			isa = PBXGroup;
			children = (
				4553BBD224849CA900207D2E /* FirstApp.app */,
				4553BBE824849CAA00207D2E /* FirstAppTests.xctest */,
				4553BBF324849CAA00207D2E /* FirstAppUITests.xctest */,
			);
			name = Products;
			sourceTree = "<group>";
		};
		4553BBD424849CA900207D2E /* FirstApp */ = {
			isa = PBXGroup;
			children = (
				4553BBD524849CA900207D2E /* AppDelegate.swift */,
				4553BBD724849CA900207D2E /* SceneDelegate.swift */,
				4553BBD924849CA900207D2E /* ContentView.swift */,
				4553BBDB24849CAA00207D2E /* Assets.xcassets */,
				4553BBE024849CAA00207D2E /* LaunchScreen.storyboard */,
				4553BBE324849CAA00207D2E /* Info.plist */,
				4553BBDD24849CAA00207D2E /* Preview Content */,
			);
			path = FirstApp;
			sourceTree = "<group>";
		};
		4553BBDD24849CAA00207D2E /* Preview Content */ = {
			isa = PBXGroup;
			children = (
				4553BBDE24849CAA00207D2E /* Preview Assets.xcassets */,
			);
			path = "Preview Content";
			sourceTree = "<group>";
		};
		4553BBEB24849CAA00207D2E /* FirstAppTests */ = {
			isa = PBXGroup;
			children = (
				4553BBEC24849CAA00207D2E /* FirstAppTests.swift */,
				4553BBEE24849CAA00207D2E /* Info.plist */,
			);
			path = FirstAppTests;
			sourceTree = "<group>";
		};
		4553BBF624849CAA00207D2E /* FirstAppUITests */ = {
			isa = PBXGroup;
			children = (
				4553BBF724849CAA00207D2E /* FirstAppUITests.swift */,
				4553BBF924849CAA00207D2E /* Info.plist */,
			);
			path = FirstAppUITests;
			sourceTree = "<group>";
		};
/* End PBXGroup section */

/* Begin PBXNativeTarget section */
		4553BBD124849CA900207D2E /* FirstApp */ = {
			isa = PBXNativeTarget;
			buildConfigurationList = 4553BBFC24849CAA00207D2E /* Build configuration list for PBXNativeTarget "FirstApp" */;
			buildPhases = (
				4553BBCE24849CA900207D2E /* Sources */,
				4553BBCF24849CA900207D2E /* Frameworks */,
				4553BBD024849CA900207D2E /* Resources */,
			);
			buildRules = (
			);
			dependencies = (
			);
			name = FirstApp;
			productName = FirstApp;
			productReference = 4553BBD224849CA900207D2E /* FirstApp.app */;
			productType = "com.apple.product-type.application";
		};
		4553BBE724849CAA00207D2E /* FirstAppTests */ = {
			isa = PBXNativeTarget;
			buildConfigurationList = 4553BBFF24849CAA00207D2E /* Build configuration list for PBXNativeTarget "FirstAppTests" */;
			buildPhases = (
				4553BBE424849CAA00207D2E /* Sources */,
				4553BBE524849CAA00207D2E /* Frameworks */,
				4553BBE624849CAA00207D2E /* Resources */,
			);
			buildRules = (
			);
			dependencies = (
				4553BBEA24849CAA00207D2E /* PBXTargetDependency */,
			);
			name = FirstAppTests;
			productName = FirstAppTests;
			productReference = 4553BBE824849CAA00207D2E /* FirstAppTests.xctest */;
			productType = "com.apple.product-type.bundle.unit-test";
		};
		4553BBF224849CAA00207D2E /* FirstAppUITests */ = {
			isa = PBXNativeTarget;
			buildConfigurationList = 4553BC0224849CAA00207D2E /* Build configuration list for PBXNativeTarget "FirstAppUITests" */;
			buildPhases = (
				4553BBEF24849CAA00207D2E /* Sources */,
				4553BBF024849CAA00207D2E /* Frameworks */,
				4553BBF124849CAA00207D2E /* Resources */,
			);
			buildRules = (
			);
			dependencies = (
				4553BBF524849CAA00207D2E /* PBXTargetDependency */,
			);
			name = FirstAppUITests;
			productName = FirstAppUITests;
			productReference = 4553BBF324849CAA00207D2E /* FirstAppUITests.xctest */;
			productType = "com.apple.product-type.bundle.ui-testing";
		};
/* End PBXNativeTarget section */

/* Begin PBXProject section */
		4553BBCA24849CA900207D2E /* Project object */ = {
			isa = PBXProject;
			attributes = {
				LastSwiftUpdateCheck = 1150;
				LastUpgradeCheck = 1150;
				ORGANIZATIONNAME = "PARTH PATEL";
				TargetAttributes = {
					4553BBD124849CA900207D2E = {
						CreatedOnToolsVersion = 11.5;
					};
					4553BBE724849CAA00207D2E = {
						CreatedOnToolsVersion = 11.5;
						TestTargetID = 4553BBD124849CA900207D2E;
					};
					4553BBF224849CAA00207D2E = {
						CreatedOnToolsVersion = 11.5;
						TestTargetID = 4553BBD124849CA900207D2E;
					};
				};
			};
			buildConfigurationList = 4553BBCD24849CA900207D2E /* Build configuration list for PBXProject "FirstApp" */;
			compatibilityVersion = "Xcode 9.3";
			developmentRegion = en;
			hasScannedForEncodings = 0;
			knownRegions = (
				en,
				Base,
			);
			mainGroup = 4553BBC924849CA900207D2E;
			productRefGroup = 4553BBD324849CA900207D2E /* Products */;
			projectDirPath = "";
			projectRoot = "";
			targets = (
				4553BBD124849CA900207D2E /* FirstApp */,
				4553BBE724849CAA00207D2E /* FirstAppTests */,
				4553BBF224849CAA00207D2E /* FirstAppUITests */,
			);
		};
/* End PBXProject section */

/* Begin PBXResourcesBuildPhase section */
		4553BBD024849CA900207D2E /* Resources */ = {
			isa = PBXResourcesBuildPhase;
			buildActionMask = 2147483647;
			files = (
				4553BBE224849CAA00207D2E /* LaunchScreen.storyboard in Resources */,
				4553BBDF24849CAA00207D2E /* Preview Assets.xcassets in Resources */,
				4553BBDC24849CAA00207D2E /* Assets.xcassets in Resources */,
			);
			runOnlyForDeploymentPostprocessing = 0;
		};
		4553BBE624849CAA00207D2E /* Resources */ = {
			isa = PBXResourcesBuildPhase;
			buildActionMask = 2147483647;
			files = (
			);
			runOnlyForDeploymentPostprocessing = 0;
		};
		4553BBF124849CAA00207D2E /* Resources */ = {
			isa = PBXResourcesBuildPhase;
			buildActionMask = 2147483647;
			files = (
			);
			runOnlyForDeploymentPostprocessing = 0;
		};
/* End PBXResourcesBuildPhase section */

/* Begin PBXSourcesBuildPhase section */
		4553BBCE24849CA900207D2E /* Sources */ = {
			isa = PBXSourcesBuildPhase;
			buildActionMask = 2147483647;
			files = (
				4553BBD624849CA900207D2E /* AppDelegate.swift in Sources */,
				4553BBD824849CA900207D2E /* SceneDelegate.swift in Sources */,
				4553BBDA24849CA900207D2E /* ContentView.swift in Sources */,
			);
			runOnlyForDeploymentPostprocessing = 0;
		};
		4553BBE424849CAA00207D2E /* Sources */ = {
			isa = PBXSourcesBuildPhase;
			buildActionMask = 2147483647;
			files = (
				4553BBED24849CAA00207D2E /* FirstAppTests.swift in Sources */,
			);
			runOnlyForDeploymentPostprocessing = 0;
		};
		4553BBEF24849CAA00207D2E /* Sources */ = {
			isa = PBXSourcesBuildPhase;
			buildActionMask = 2147483647;
			files = (
				4553BBF824849CAA00207D2E /* FirstAppUITests.swift in Sources */,
			);
			runOnlyForDeploymentPostprocessing = 0;
		};
/* End PBXSourcesBuildPhase section */

/* Begin PBXTargetDependency section */
		4553BBEA24849CAA00207D2E /* PBXTargetDependency */ = {
			isa = PBXTargetDependency;
			target = 4553BBD124849CA900207D2E /* FirstApp */;
			targetProxy = 4553BBE924849CAA00207D2E /* PBXContainerItemProxy */;
		};
		4553BBF524849CAA00207D2E /* PBXTargetDependency */ = {
			isa = PBXTargetDependency;
			target = 4553BBD124849CA900207D2E /* FirstApp */;
			targetProxy = 4553BBF424849CAA00207D2E /* PBXContainerItemProxy */;
		};
/* End PBXTargetDependency section */

/* Begin PBXVariantGroup section */
		4553BBE024849CAA00207D2E /* LaunchScreen.storyboard */ = {
			isa = PBXVariantGroup;
			children = (
				4553BBE124849CAA00207D2E /* Base */,
			);
			name = LaunchScreen.storyboard;
			sourceTree = "<group>";
		};
/* End PBXVariantGroup section */

/* Begin XCBuildConfiguration section */
		4553BBFA24849CAA00207D2E /* Debug */ = {
			isa = XCBuildConfiguration;
			buildSettings = {
				ALWAYS_SEARCH_USER_PATHS = NO;
				CLANG_ANALYZER_NONNULL = YES;
				CLANG_ANALYZER_NUMBER_OBJECT_CONVERSION = YES_AGGRESSIVE;
				CLANG_CXX_LANGUAGE_STANDARD = "gnu++14";
				CLANG_CXX_LIBRARY = "libc++";
				CLANG_ENABLE_MODULES = YES;
				CLANG_ENABLE_OBJC_ARC = YES;
				CLANG_ENABLE_OBJC_WEAK = YES;
				CLANG_WARN_BLOCK_CAPTURE_AUTORELEASING = YES;
				CLANG_WARN_BOOL_CONVERSION = YES;
				CLANG_WARN_COMMA = YES;
				CLANG_WARN_CONSTANT_CONVERSION = YES;
				CLANG_WARN_DEPRECATED_OBJC_IMPLEMENTATIONS = YES;
				CLANG_WARN_DIRECT_OBJC_ISA_USAGE = YES_ERROR;
				CLANG_WARN_DOCUMENTATION_COMMENTS = YES;
				CLANG_WARN_EMPTY_BODY = YES;
				CLANG_WARN_ENUM_CONVERSION = YES;
				CLANG_WARN_INFINITE_RECURSION = YES;
				CLANG_WARN_INT_CONVERSION = YES;
				CLANG_WARN_NON_LITERAL_NULL_CONVERSION = YES;
				CLANG_WARN_OBJC_IMPLICIT_RETAIN_SELF = YES;
				CLANG_WARN_OBJC_LITERAL_CONVERSION = YES;
				CLANG_WARN_OBJC_ROOT_CLASS = YES_ERROR;
				CLANG_WARN_RANGE_LOOP_ANALYSIS = YES;
				CLANG_WARN_STRICT_PROTOTYPES = YES;
				CLANG_WARN_SUSPICIOUS_MOVE = YES;
				CLANG_WARN_UNGUARDED_AVAILABILITY = YES_AGGRESSIVE;
				CLANG_WARN_UNREACHABLE_CODE = YES;
				CLANG_WARN__DUPLICATE_METHOD_MATCH = YES;
				COPY_PHASE_STRIP = NO;
				DEBUG_INFORMATION_FORMAT = dwarf;
				ENABLE_STRICT_OBJC_MSGSEND = YES;
				ENABLE_TESTABILITY = YES;
				GCC_C_LANGUAGE_STANDARD = gnu11;
				GCC_DYNAMIC_NO_PIC = NO;
				GCC_NO_COMMON_BLOCKS = YES;
				GCC_OPTIMIZATION_LEVEL = 0;
				GCC_PREPROCESSOR_DEFINITIONS = (
					"DEBUG=1",
					"$(inherited)",
				);
				GCC_WARN_64_TO_32_BIT_CONVERSION = YES;
				GCC_WARN_ABOUT_RETURN_TYPE = YES_ERROR;
				GCC_WARN_UNDECLARED_SELECTOR = YES;
				GCC_WARN_UNINITIALIZED_AUTOS = YES_AGGRESSIVE;
				GCC_WARN_UNUSED_FUNCTION = YES;
				GCC_WARN_UNUSED_VARIABLE = YES;
				IPHONEOS_DEPLOYMENT_TARGET = 13.5;
				MTL_ENABLE_DEBUG_INFO = INCLUDE_SOURCE;
				MTL_FAST_MATH = YES;
				ONLY_ACTIVE_ARCH = YES;
				SDKROOT = iphoneos;
				SWIFT_ACTIVE_COMPILATION_CONDITIONS = DEBUG;
				SWIFT_OPTIMIZATION_LEVEL = "-Onone";
			};
			name = Debug;
		};
		4553BBFB24849CAA00207D2E /* Release */ = {
			isa = XCBuildConfiguration;
			buildSettings = {
				ALWAYS_SEARCH_USER_PATHS = NO;
				CLANG_ANALYZER_NONNULL = YES;
				CLANG_ANALYZER_NUMBER_OBJECT_CONVERSION = YES_AGGRESSIVE;
				CLANG_CXX_LANGUAGE_STANDARD = "gnu++14";
				CLANG_CXX_LIBRARY = "libc++";
				CLANG_ENABLE_MODULES = YES;
				CLANG_ENABLE_OBJC_ARC = YES;
				CLANG_ENABLE_OBJC_WEAK = YES;
				CLANG_WARN_BLOCK_CAPTURE_AUTORELEASING = YES;
				CLANG_WARN_BOOL_CONVERSION = YES;
				CLANG_WARN_COMMA = YES;
				CLANG_WARN_CONSTANT_CONVERSION = YES;
				CLANG_WARN_DEPRECATED_OBJC_IMPLEMENTATIONS = YES;
				CLANG_WARN_DIRECT_OBJC_ISA_USAGE = YES_ERROR;
				CLANG_WARN_DOCUMENTATION_COMMENTS = YES;
				CLANG_WARN_EMPTY_BODY = YES;
				CLANG_WARN_ENUM_CONVERSION = YES;
				CLANG_WARN_INFINITE_RECURSION = YES;
				CLANG_WARN_INT_CONVERSION = YES;
				CLANG_WARN_NON_LITERAL_NULL_CONVERSION = YES;
				CLANG_WARN_OBJC_IMPLICIT_RETAIN_SELF = YES;
				CLANG_WARN_OBJC_LITERAL_CONVERSION = YES;
				CLANG_WARN_OBJC_ROOT_CLASS = YES_ERROR;
				CLANG_WARN_RANGE_LOOP_ANALYSIS = YES;
				CLANG_WARN_STRICT_PROTOTYPES = YES;
				CLANG_WARN_SUSPICIOUS_MOVE = YES;
				CLANG_WARN_UNGUARDED_AVAILABILITY = YES_AGGRESSIVE;
				CLANG_WARN_UNREACHABLE_CODE = YES;
				CLANG_WARN__DUPLICATE_METHOD_MATCH = YES;
				COPY_PHASE_STRIP = NO;
				DEBUG_INFORMATION_FORMAT = "dwarf-with-dsym";
				ENABLE_NS_ASSERTIONS = NO;
				ENABLE_STRICT_OBJC_MSGSEND = YES;
				GCC_C_LANGUAGE_STANDARD = gnu11;
				GCC_NO_COMMON_BLOCKS = YES;
				GCC_WARN_64_TO_32_BIT_CONVERSION = YES;
				GCC_WARN_ABOUT_RETURN_TYPE = YES_ERROR;
				GCC_WARN_UNDECLARED_SELECTOR = YES;
				GCC_WARN_UNINITIALIZED_AUTOS = YES_AGGRESSIVE;
				GCC_WARN_UNUSED_FUNCTION = YES;
				GCC_WARN_UNUSED_VARIABLE = YES;
				IPHONEOS_DEPLOYMENT_TARGET = 13.5;
				MTL_ENABLE_DEBUG_INFO = NO;
				MTL_FAST_MATH = YES;
				SDKROOT = iphoneos;
				SWIFT_COMPILATION_MODE = wholemodule;
				SWIFT_OPTIMIZATION_LEVEL = "-O";
				VALIDATE_PRODUCT = YES;
			};
			name = Release;
		};
		4553BBFD24849CAA00207D2E /* Debug */ = {
			isa = XCBuildConfiguration;
			buildSettings = {
				ASSETCATALOG_COMPILER_APPICON_NAME = AppIcon;
				CODE_SIGN_STYLE = Automatic;
				DEVELOPMENT_ASSET_PATHS = "\"FirstApp/Preview Content\"";
				ENABLE_PREVIEWS = YES;
				INFOPLIST_FILE = FirstApp/Info.plist;
				LD_RUNPATH_SEARCH_PATHS = (
					"$(inherited)",
					"@executable_path/Frameworks",
				);
				PRODUCT_BUNDLE_IDENTIFIER = com.liquidcharcoal.FirstApp;
				PRODUCT_NAME = "$(TARGET_NAME)";
				SWIFT_VERSION = 5.0;
				TARGETED_DEVICE_FAMILY = "1,2";
			};
			name = Debug;
		};
		4553BBFE24849CAA00207D2E /* Release */ = {
			isa = XCBuildConfiguration;
			buildSettings = {
				ASSETCATALOG_COMPILER_APPICON_NAME = AppIcon;
				CODE_SIGN_STYLE = Automatic;
				DEVELOPMENT_ASSET_PATHS = "\"FirstApp/Preview Content\"";
				ENABLE_PREVIEWS = YES;
				INFOPLIST_FILE = FirstApp/Info.plist;
				LD_RUNPATH_SEARCH_PATHS = (
					"$(inherited)",
					"@executable_path/Frameworks",
				);
				PRODUCT_BUNDLE_IDENTIFIER = com.liquidcharcoal.FirstApp;
				PRODUCT_NAME = "$(TARGET_NAME)";
				SWIFT_VERSION = 5.0;
				TARGETED_DEVICE_FAMILY = "1,2";
			};
			name = Release;
		};
		4553BC0024849CAA00207D2E /* Debug */ = {
			isa = XCBuildConfiguration;
			buildSettings = {
				ALWAYS_EMBED_SWIFT_STANDARD_LIBRARIES = YES;
				BUNDLE_LOADER = "$(TEST_HOST)";
				CODE_SIGN_STYLE = Automatic;
				INFOPLIST_FILE = FirstAppTests/Info.plist;
				IPHONEOS_DEPLOYMENT_TARGET = 13.5;
				LD_RUNPATH_SEARCH_PATHS = (
					"$(inherited)",
					"@executable_path/Frameworks",
					"@loader_path/Frameworks",
				);
				PRODUCT_BUNDLE_IDENTIFIER = com.liquidcharcoal.FirstAppTests;
				PRODUCT_NAME = "$(TARGET_NAME)";
				SWIFT_VERSION = 5.0;
				TARGETED_DEVICE_FAMILY = "1,2";
				TEST_HOST = "$(BUILT_PRODUCTS_DIR)/FirstApp.app/FirstApp";
			};
			name = Debug;
		};
		4553BC0124849CAA00207D2E /* Release */ = {
			isa = XCBuildConfiguration;
			buildSettings = {
				ALWAYS_EMBED_SWIFT_STANDARD_LIBRARIES = YES;
				BUNDLE_LOADER = "$(TEST_HOST)";
				CODE_SIGN_STYLE = Automatic;
				INFOPLIST_FILE = FirstAppTests/Info.plist;
				IPHONEOS_DEPLOYMENT_TARGET = 13.5;
				LD_RUNPATH_SEARCH_PATHS = (
					"$(inherited)",
					"@executable_path/Frameworks",
					"@loader_path/Frameworks",
				);
				PRODUCT_BUNDLE_IDENTIFIER = com.liquidcharcoal.FirstAppTests;
				PRODUCT_NAME = "$(TARGET_NAME)";
				SWIFT_VERSION = 5.0;
				TARGETED_DEVICE_FAMILY = "1,2";
				TEST_HOST = "$(BUILT_PRODUCTS_DIR)/FirstApp.app/FirstApp";
			};
			name = Release;
		};
		4553BC0324849CAA00207D2E /* Debug */ = {
			isa = XCBuildConfiguration;
			buildSettings = {
				ALWAYS_EMBED_SWIFT_STANDARD_LIBRARIES = YES;
				CODE_SIGN_STYLE = Automatic;
				INFOPLIST_FILE = FirstAppUITests/Info.plist;
				LD_RUNPATH_SEARCH_PATHS = (
					"$(inherited)",
					"@executable_path/Frameworks",
					"@loader_path/Frameworks",
				);
				PRODUCT_BUNDLE_IDENTIFIER = com.liquidcharcoal.FirstAppUITests;
				PRODUCT_NAME = "$(TARGET_NAME)";
				SWIFT_VERSION = 5.0;
				TARGETED_DEVICE_FAMILY = "1,2";
				TEST_TARGET_NAME = FirstApp;
			};
			name = Debug;
		};
		4553BC0424849CAA00207D2E /* Release */ = {
			isa = XCBuildConfiguration;
			buildSettings = {
				ALWAYS_EMBED_SWIFT_STANDARD_LIBRARIES = YES;
				CODE_SIGN_STYLE = Automatic;
				INFOPLIST_FILE = FirstAppUITests/Info.plist;
				LD_RUNPATH_SEARCH_PATHS = (
					"$(inherited)",
					"@executable_path/Frameworks",
					"@loader_path/Frameworks",
				);
				PRODUCT_BUNDLE_IDENTIFIER = com.liquidcharcoal.FirstAppUITests;
				PRODUCT_NAME = "$(TARGET_NAME)";
				SWIFT_VERSION = 5.0;
				TARGETED_DEVICE_FAMILY = "1,2";
				TEST_TARGET_NAME = FirstApp;
			};
			name = Release;
		};
/* End XCBuildConfiguration section */

/* Begin XCConfigurationList section */
		4553BBCD24849CA900207D2E /* Build configuration list for PBXProject "FirstApp" */ = {
			isa = XCConfigurationList;
			buildConfigurations = (
				4553BBFA24849CAA00207D2E /* Debug */,
				4553BBFB24849CAA00207D2E /* Release */,
			);
			defaultConfigurationIsVisible = 0;
			defaultConfigurationName = Release;
		};
		4553BBFC24849CAA00207D2E /* Build configuration list for PBXNativeTarget "FirstApp" */ = {
			isa = XCConfigurationList;
			buildConfigurations = (
				4553BBFD24849CAA00207D2E /* Debug */,
				4553BBFE24849CAA00207D2E /* Release */,
			);
			defaultConfigurationIsVisible = 0;
			defaultConfigurationName = Release;
		};
		4553BBFF24849CAA00207D2E /* Build configuration list for PBXNativeTarget "FirstAppTests" */ = {
			isa = XCConfigurationList;
			buildConfigurations = (
				4553BC0024849CAA00207D2E /* Debug */,
				4553BC0124849CAA00207D2E /* Release */,
			);
			defaultConfigurationIsVisible = 0;
			defaultConfigurationName = Release;
		};
		4553BC0224849CAA00207D2E /* Build configuration list for PBXNativeTarget "FirstAppUITests" */ = {
			isa = XCConfigurationList;
			buildConfigurations = (
				4553BC0324849CAA00207D2E /* Debug */,
				4553BC0424849CAA00207D2E /* Release */,
			);
			defaultConfigurationIsVisible = 0;
			defaultConfigurationName = Release;
		};
/* End XCConfigurationList section */
	};
	rootObject = 4553BBCA24849CA900207D2E /* Project object */;
}
